
Microsoft Visual Studio Solution File, Format Version 12.00
# Visual Studio 15
VisualStudioVersion = 15.0.26124.0
MinimumVisualStudioVersion = 15.0.26124.0
Project("{2150E333-8FDC-42A3-9474-1A3956D46DE8}") = "src", "src", "{0AD4A631-6D51-40AF-BD3E-4F8621D0F146}"
EndProject
Project("{FAE04EC0-301F-11D3-BF4B-00C04F79EFBC}") = "todoBackAPI", "src\todoBackAPI\todoBackAPI.csproj", "{951348D4-9EE6-440E-B074-9575F6DFC5AC}"
EndProject
Project("{2150E333-8FDC-42A3-9474-1A3956D46DE8}") = "test", "test", "{F968C85A-1EC4-4D2E-B92B-BAEE1B3CAC2B}"
EndProject
Project("{FAE04EC0-301F-11D3-BF4B-00C04F79EFBC}") = "todoBackAPI.Tests", "test\todoBackAPI.Tests\todoBackAPI.Tests.csproj", "{2D89AC5A-88B5-467A-B84F-2349D8A3BB84}"
EndProject
Global
	GlobalSection(SolutionConfigurationPlatforms) = preSolution
		Debug|Any CPU = Debug|Any CPU
		Debug|x64 = Debug|x64
		Debug|x86 = Debug|x86
		Release|Any CPU = Release|Any CPU
		Release|x64 = Release|x64
		Release|x86 = Release|x86
	EndGlobalSection
	GlobalSection(SolutionProperties) = preSolution
		HideSolutionNode = FALSE
	EndGlobalSection
	GlobalSection(ProjectConfigurationPlatforms) = postSolution
		{951348D4-9EE6-440E-B074-9575F6DFC5AC}.Debug|Any CPU.ActiveCfg = Debug|Any CPU
		{951348D4-9EE6-440E-B074-9575F6DFC5AC}.Debug|Any CPU.Build.0 = Debug|Any CPU
		{951348D4-9EE6-440E-B074-9575F6DFC5AC}.Debug|x64.ActiveCfg = Debug|Any CPU
		{951348D4-9EE6-440E-B074-9575F6DFC5AC}.Debug|x64.Build.0 = Debug|Any CPU
		{951348D4-9EE6-440E-B074-9575F6DFC5AC}.Debug|x86.ActiveCfg = Debug|Any CPU
		{951348D4-9EE6-440E-B074-9575F6DFC5AC}.Debug|x86.Build.0 = Debug|Any CPU
		{951348D4-9EE6-440E-B074-9575F6DFC5AC}.Release|Any CPU.ActiveCfg = Release|Any CPU
		{951348D4-9EE6-440E-B074-9575F6DFC5AC}.Release|Any CPU.Build.0 = Release|Any CPU
		{951348D4-9EE6-440E-B074-9575F6DFC5AC}.Release|x64.ActiveCfg = Release|Any CPU
		{951348D4-9EE6-440E-B074-9575F6DFC5AC}.Release|x64.Build.0 = Release|Any CPU
		{951348D4-9EE6-440E-B074-9575F6DFC5AC}.Release|x86.ActiveCfg = Release|Any CPU
		{951348D4-9EE6-440E-B074-9575F6DFC5AC}.Release|x86.Build.0 = Release|Any CPU
		{2D89AC5A-88B5-467A-B84F-2349D8A3BB84}.Debug|Any CPU.ActiveCfg = Debug|Any CPU
		{2D89AC5A-88B5-467A-B84F-2349D8A3BB84}.Debug|Any CPU.Build.0 = Debug|Any CPU
		{2D89AC5A-88B5-467A-B84F-2349D8A3BB84}.Debug|x64.ActiveCfg = Debug|Any CPU
		{2D89AC5A-88B5-467A-B84F-2349D8A3BB84}.Debug|x64.Build.0 = Debug|Any CPU
		{2D89AC5A-88B5-467A-B84F-2349D8A3BB84}.Debug|x86.ActiveCfg = Debug|Any CPU
		{2D89AC5A-88B5-467A-B84F-2349D8A3BB84}.Debug|x86.Build.0 = Debug|Any CPU
		{2D89AC5A-88B5-467A-B84F-2349D8A3BB84}.Release|Any CPU.ActiveCfg = Release|Any CPU
		{2D89AC5A-88B5-467A-B84F-2349D8A3BB84}.Release|Any CPU.Build.0 = Release|Any CPU
		{2D89AC5A-88B5-467A-B84F-2349D8A3BB84}.Release|x64.ActiveCfg = Release|Any CPU
		{2D89AC5A-88B5-467A-B84F-2349D8A3BB84}.Release|x64.Build.0 = Release|Any CPU
		{2D89AC5A-88B5-467A-B84F-2349D8A3BB84}.Release|x86.ActiveCfg = Release|Any CPU
		{2D89AC5A-88B5-467A-B84F-2349D8A3BB84}.Release|x86.Build.0 = Release|Any CPU
	EndGlobalSection
	GlobalSection(NestedProjects) = preSolution
		{951348D4-9EE6-440E-B074-9575F6DFC5AC} = {0AD4A631-6D51-40AF-BD3E-4F8621D0F146}
		{2D89AC5A-88B5-467A-B84F-2349D8A3BB84} = {F968C85A-1EC4-4D2E-B92B-BAEE1B3CAC2B}
	EndGlobalSection
EndGlobal
